lockVersion: 2.0.0
id: 11c8545a-deb6-44f9-ba56-e71722af6a51
management:
  docChecksum: 0119324ef16572f90cf43c2672f2941e
  docVersion: 1.0.0
  speakeasyVersion: 1.477.0
  generationVersion: 2.497.0
  releaseVersion: 0.9.2
  configChecksum: d221dc779b8dd326f79c2f0004992e02
  repoURL: https://github.com/epilot-dev/terraform-provider-epilot-app.git
  repoSubDirectory: .
  published: true
features:
  terraform:
    additionalDependencies: 0.1.0
    constsAndDefaults: 0.2.0
    core: 3.29.0
    envVarSecurityUsage: 0.1.0
    globalSecurity: 2.81.9
    globalServerURLs: 2.82.1
    inputOutputModels: 2.83.0
    nullables: 0.0.0
    retries: 2.81.2
    typeOverrides: 2.81.1
    unions: 2.81.17
generatedFiles:
  - .gitattributes
  - USAGE.md
  - examples/README.md
  - examples/data-sources/epilot-app_app/data-source.tf
  - examples/provider/provider.tf
  - examples/resources/epilot-app_app/import.sh
  - examples/resources/epilot-app_app/resource.tf
  - go.mod
  - go.sum
  - internal/planmodifiers/boolplanmodifier/suppress_diff.go
  - internal/planmodifiers/float64planmodifier/suppress_diff.go
  - internal/planmodifiers/int64planmodifier/suppress_diff.go
  - internal/planmodifiers/listplanmodifier/suppress_diff.go
  - internal/planmodifiers/mapplanmodifier/suppress_diff.go
  - internal/planmodifiers/numberplanmodifier/suppress_diff.go
  - internal/planmodifiers/objectplanmodifier/suppress_diff.go
  - internal/planmodifiers/setplanmodifier/suppress_diff.go
  - internal/planmodifiers/stringplanmodifier/suppress_diff.go
  - internal/planmodifiers/utils/state_check.go
  - internal/provider/app_data_source.go
  - internal/provider/app_data_source_sdk.go
  - internal/provider/app_resource.go
  - internal/provider/app_resource_sdk.go
  - internal/provider/provider.go
  - internal/provider/reflect/diags.go
  - internal/provider/reflect/doc.go
  - internal/provider/reflect/generic_attr_value.go
  - internal/provider/reflect/helpers.go
  - internal/provider/reflect/interfaces.go
  - internal/provider/reflect/into.go
  - internal/provider/reflect/map.go
  - internal/provider/reflect/number.go
  - internal/provider/reflect/options.go
  - internal/provider/reflect/outof.go
  - internal/provider/reflect/pointer.go
  - internal/provider/reflect/primitive.go
  - internal/provider/reflect/slice.go
  - internal/provider/reflect/struct.go
  - internal/provider/types/installation_audit.go
  - internal/provider/types/option.go
  - internal/provider/types/options_ref.go
  - internal/provider/utils.go
  - internal/sdk/.gitattributes
  - internal/sdk/appconfiguration.go
  - internal/sdk/appinstallation.go
  - internal/sdk/internal/hooks/hooks.go
  - internal/sdk/internal/utils/contenttype.go
  - internal/sdk/internal/utils/env.go
  - internal/sdk/internal/utils/form.go
  - internal/sdk/internal/utils/headers.go
  - internal/sdk/internal/utils/json.go
  - internal/sdk/internal/utils/pathparams.go
  - internal/sdk/internal/utils/queryparams.go
  - internal/sdk/internal/utils/requestbody.go
  - internal/sdk/internal/utils/retries.go
  - internal/sdk/internal/utils/security.go
  - internal/sdk/internal/utils/utils.go
  - internal/sdk/models/errors/sdkerror.go
  - internal/sdk/models/operations/cloneversion.go
  - internal/sdk/models/operations/createbundleuploadurl.go
  - internal/sdk/models/operations/createcomponent.go
  - internal/sdk/models/operations/createconfiguration.go
  - internal/sdk/models/operations/createlogouploadurl.go
  - internal/sdk/models/operations/deletecomponent.go
  - internal/sdk/models/operations/deleteconfiguration.go
  - internal/sdk/models/operations/deletelogo.go
  - internal/sdk/models/operations/deleteversion.go
  - internal/sdk/models/operations/getconfiguration.go
  - internal/sdk/models/operations/getinstallation.go
  - internal/sdk/models/operations/getpublicconfiguration.go
  - internal/sdk/models/operations/getversion.go
  - internal/sdk/models/operations/install.go
  - internal/sdk/models/operations/listconfigurations.go
  - internal/sdk/models/operations/listinstallations.go
  - internal/sdk/models/operations/listversions.go
  - internal/sdk/models/operations/options.go
  - internal/sdk/models/operations/patchcomponent.go
  - internal/sdk/models/operations/patchinstallation.go
  - internal/sdk/models/operations/patchmetadata.go
  - internal/sdk/models/operations/patchversion.go
  - internal/sdk/models/operations/promoteversion.go
  - internal/sdk/models/operations/uninstall.go
  - internal/sdk/models/shared/author.go
  - internal/sdk/models/shared/basecomponentinput.go
  - internal/sdk/models/shared/billingfrequency.go
  - internal/sdk/models/shared/componenttype.go
  - internal/sdk/models/shared/configuration.go
  - internal/sdk/models/shared/configurationmetadata.go
  - internal/sdk/models/shared/configurationversion.go
  - internal/sdk/models/shared/createbundlepresignedrequest.go
  - internal/sdk/models/shared/createconfigrequest.go
  - internal/sdk/models/shared/createlogopresignedrequest.go
  - internal/sdk/models/shared/customflowconfig.go
  - internal/sdk/models/shared/grants.go
  - internal/sdk/models/shared/installation.go
  - internal/sdk/models/shared/installrequest.go
  - internal/sdk/models/shared/journeyblockcomponentargs.go
  - internal/sdk/models/shared/journeyblockconfiginput.go
  - internal/sdk/models/shared/notificationconfig.go
  - internal/sdk/models/shared/notificationevent.go
  - internal/sdk/models/shared/option.go
  - internal/sdk/models/shared/options.go
  - internal/sdk/models/shared/optionsref.go
  - internal/sdk/models/shared/patchconfigmetadatarequest.go
  - internal/sdk/models/shared/patchversionrequest.go
  - internal/sdk/models/shared/portalauth.go
  - internal/sdk/models/shared/portalextensionconfig.go
  - internal/sdk/models/shared/pricing.go
  - internal/sdk/models/shared/publicconfiguration.go
  - internal/sdk/models/shared/role.go
  - internal/sdk/models/shared/s3reference.go
  - internal/sdk/models/shared/security.go
  - internal/sdk/models/shared/translatedstring.go
  - internal/sdk/retry/config.go
  - internal/sdk/sdk.go
  - internal/sdk/types/bigint.go
  - internal/sdk/types/date.go
  - internal/sdk/types/datetime.go
  - internal/sdk/types/decimal.go
  - internal/sdk/types/pointers.go
  - internal/validators/DateValidator.go
  - internal/validators/ExactlyOneChild.go
  - internal/validators/JSONParseValidator.go
  - internal/validators/RFC3339Validator.go
  - internal/validators/boolvalidators/not_null.go
  - internal/validators/float64validators/not_null.go
  - internal/validators/int64validators/not_null.go
  - internal/validators/listvalidators/not_null.go
  - internal/validators/mapvalidators/not_null.go
  - internal/validators/numbervalidators/not_null.go
  - internal/validators/objectvalidators/not_null.go
  - internal/validators/setvalidators/not_null.go
  - internal/validators/stringvalidators/not_null.go
  - main.go
  - terraform-registry-manifest.json
  - tools/tools.go
examples:
  getAppConfiguration:
    speakeasy-default-get-app-configuration:
      parameters:
        path:
          appId: "<id>"
      responses:
        "200":
          application/json: {"access_level": "public", "components": [{"component_type": "CUSTOM_JOURNEY_BLOCK", "configuration": {"component_tag": "<value>", "component_url": "https://cdn.apps.com/123/v1.0.0/bundle.js"}, "id": "<id>"}], "internal": false}
  getInstalledApp:
    speakeasy-default-get-installed-app:
      parameters:
        path:
          appId: "<id>"
      responses:
        "200":
          application/json: {"access_level": "public", "components": [{"component_type": "CUSTOM_JOURNEY_BLOCK", "configuration": {"component_tag": "<value>", "component_url": "https://cdn.apps.com/123/v1.0.0/bundle.js"}, "id": "<id>"}], "enabled": true, "internal": false}
  getUploadUrl:
    speakeasy-default-get-upload-url:
      requestBody:
        application/json: {}
      responses:
        "200":
          application/json: {"s3_reference": {"bucket": "my-bucket", "key": "manifest.json"}, "upload_url": "https://bony-dusk.info/"}
  installApp:
    speakeasy-default-install-app:
      parameters:
        path:
          appId: "<id>"
  listInstalledApps:
    "":
      parameters:
        query:
          component_type: "CUSTOM_JOURNEY_BLOCK"
          page: 1
          pageSize: 20
      responses:
        "200":
          application/json: {"apps": [{"access_level": "public", "components": [{"component_type": "CUSTOM_JOURNEY_BLOCK", "configuration": {"component_tag": "<value>", "component_url": "https://cdn.apps.com/123/v1.0.0/bundle.js"}, "id": "<id>"}, {"component_type": "CUSTOM_JOURNEY_BLOCK", "configuration": {"component_tag": "<value>", "component_url": "https://cdn.apps.com/123/v1.0.0/bundle.js"}, "id": "<id>"}, {"component_type": "PORTAL_EXTENSION", "configuration": {}, "id": "<id>"}], "enabled": true, "internal": false}, {"access_level": "public", "components": [{"component_type": "PORTAL_EXTENSION", "configuration": {}, "id": "<id>"}, {"component_type": "PORTAL_EXTENSION", "configuration": {}, "id": "<id>"}], "enabled": true, "internal": false}, {"access_level": "public", "components": [{"component_type": "PORTAL_EXTENSION", "configuration": {}, "id": "<id>"}, {"component_type": "PORTAL_EXTENSION", "configuration": {}, "id": "<id>"}, {"component_type": "CUSTOM_JOURNEY_BLOCK", "configuration": {"component_tag": "<value>", "component_url": "https://cdn.apps.com/123/v1.0.0/bundle.js"}, "id": "<id>"}], "enabled": true, "internal": false}]}
  publishApp:
    speakeasy-default-publish-app:
      requestBody:
        application/json: {"s3_reference": {"bucket": "my-bucket", "key": "manifest.json"}}
      responses:
        "202":
          application/json: {"app_id": "<id>", "status": "pending"}
  uninstallApp:
    speakeasy-default-uninstall-app:
      parameters:
        path:
          appId: "<id>"
  getInstallation:
    speakeasy-default-get-installation:
      parameters:
        path:
          appId: "<id>"
      responses:
        "200":
          application/json: {"app_id": "<id>", "components": [], "enabled": true, "installed_version": "<value>", "installer_org_id": "<id>", "name": "<value>"}
  install:
    speakeasy-default-install:
      parameters:
        path:
          appId: "<id>"
      responses:
        "204":
          application/json: {}
        "201":
          application/json: {}
  listInstallations:
    "":
      parameters:
        query:
          componentType: "CUSTOM_JOURNEY_BLOCK"
          page: 1
          pageSize: 20
      responses:
        "200":
          application/json: {"apps": [{"app_id": "<id>", "components": [{"component_type": "PORTAL_EXTENSION", "configuration": {}, "id": "<id>"}, {"component_type": "PORTAL_EXTENSION", "configuration": {}, "id": "<id>"}, {"component_type": "PORTAL_EXTENSION", "configuration": {}, "id": "<id>"}], "enabled": true, "installed_version": "<value>", "installer_org_id": "<id>", "name": "<value>"}]}
  patchInstallation:
    speakeasy-default-patch-installation:
      parameters:
        path:
          appId: "<id>"
  promoteVersion:
    speakeasy-default-promote-version:
      parameters:
        path:
          appId: "<id>"
          version: "<value>"
      responses:
        "200":
          application/json: {"app_id": "<id>", "components": [], "enabled": true, "installed_version": "<value>", "installer_org_id": "<id>", "name": "<value>"}
  uninstall:
    speakeasy-default-uninstall:
      parameters:
        path:
          appId: "<id>"
  cloneVersion:
    speakeasy-default-clone-version:
      parameters:
        path:
          appId: "<id>"
          sourceVersion: "<value>"
          targetVersion: "<value>"
      responses:
        "201":
          application/json: {}
  createBundleUploadUrl:
    speakeasy-default-create-bundle-upload-url:
      parameters:
        path:
          appId: "<id>"
      requestBody:
        application/json: {"version": "<value>"}
      responses:
        "200":
          application/json: {"s3ref": {"bucket": "my-bucket", "key": "manifest.json"}, "upload_url": "https://pure-wear.biz"}
  createComponent:
    speakeasy-default-create-component:
      parameters:
        path:
          appId: "<id>"
          version: "<value>"
      requestBody:
        application/json: {"component_type": "PORTAL_EXTENSION", "configuration": {}, "id": "<id>"}
  createConfiguration:
    speakeasy-default-create-configuration:
      requestBody:
        application/json: {"description": {"de": "<value>"}, "name": "<value>"}
      responses:
        "201":
          application/json: {"app_id": "<id>"}
  createLogoUploadUrl:
    speakeasy-default-create-logo-upload-url:
      parameters:
        path:
          appId: "<id>"
      requestBody:
        application/json: {"filename": "company-logo.png", "mime_type": "image/png"}
      responses:
        "200":
          application/json: {"s3ref": {"bucket": "my-bucket", "key": "manifest.json"}, "upload_url": "https://lumbering-e-mail.com"}
  deleteComponent:
    speakeasy-default-delete-component:
      parameters:
        path:
          appId: "<id>"
          version: "<value>"
          componentId: "<id>"
  deleteLogo:
    speakeasy-default-delete-logo:
      parameters:
        path:
          appId: "<id>"
  deleteVersion:
    speakeasy-default-delete-version:
      parameters:
        path:
          appId: "<id>"
          version: "<value>"
  getConfiguration:
    speakeasy-default-get-configuration:
      parameters:
        path:
          appId: "<id>"
        query: {}
      responses:
        "200":
          application/json: {"app_id": "<id>", "components": [], "description": {"de": "<value>"}, "internal": false, "latest_version": "<value>", "name": "<value>", "notifications": {"email": "developer@example.com"}, "owner_org_id": "<id>", "pending": false, "public": true, "version": "<value>", "version_audit": {}, "versions": ["<value>", "<value>"]}
  getPublicConfiguration:
    speakeasy-default-get-public-configuration:
      parameters:
        path:
          appId: "<id>"
        query: {}
      responses:
        "200":
          application/json: {"app_id": "<id>", "components": [{"component_type": "PORTAL_EXTENSION", "configuration": {}, "id": "<id>"}, {"component_type": "CUSTOM_JOURNEY_BLOCK", "configuration": {"component_tag": "<value>", "component_url": "https://cdn.apps.com/123/v1.0.0/bundle.js"}, "id": "<id>"}], "name": "<value>", "owner_org_id": "<id>", "public": true, "version": "<value>"}
  getVersion:
    speakeasy-default-get-version:
      parameters:
        path:
          appId: "<id>"
          version: "<value>"
      responses:
        "200":
          application/json: {"app_id": "<id>", "components": [{"component_type": "PORTAL_EXTENSION", "configuration": {}, "id": "<id>"}], "description": {"de": "<value>"}, "internal": false, "latest_version": "<value>", "name": "<value>", "notifications": {"email": "developer@example.com"}, "owner_org_id": "<id>", "pending": false, "public": true, "version": "<value>", "version_audit": {}, "versions": []}
  listConfigurations:
    speakeasy-default-list-configurations:
      parameters:
        query:
          page: 1
          pageSize: 20
      responses:
        "200":
          application/json: {"configurations": [{"app_id": "<id>", "description": {"de": "<value>"}, "internal": false, "latest_version": "<value>", "name": "<value>", "notifications": {"email": "developer@example.com"}, "owner_org_id": "<id>", "versions": ["<value>"]}, {"app_id": "<id>", "description": {"de": "<value>"}, "internal": false, "latest_version": "<value>", "name": "<value>", "notifications": {"email": "developer@example.com"}, "owner_org_id": "<id>", "versions": ["<value>"]}]}
  listVersions:
    speakeasy-default-list-versions:
      parameters:
        path:
          appId: "<id>"
        query:
          page: 1
          pageSize: 20
      responses:
        "200":
          application/json: {"versions": [{"app_id": "<id>", "components": [{"component_type": "CUSTOM_JOURNEY_BLOCK", "configuration": {"component_tag": "<value>", "component_url": "https://cdn.apps.com/123/v1.0.0/bundle.js"}, "id": "<id>"}], "owner_org_id": "<id>", "pending": false, "public": true, "version": "<value>", "version_audit": {}}]}
  patchComponent:
    speakeasy-default-patch-component:
      parameters:
        path:
          appId: "<id>"
          version: "<value>"
          componentId: "<id>"
      requestBody:
        application/json: {"component_type": "CUSTOM_JOURNEY_BLOCK", "configuration": {"component_tag": "<value>"}, "id": "<id>"}
  patchMetadata:
    speakeasy-default-patch-metadata:
      parameters:
        path:
          appId: "<id>"
      requestBody:
        application/json: {"notifications": {"email": "developer@example.com"}}
  deleteConfiguration:
    speakeasy-default-delete-configuration:
      parameters:
        path:
          appId: "<id>"
  patchVersion:
    speakeasy-default-patch-version:
      parameters:
        path:
          appId: "<id>"
          version: "<value>"
      requestBody:
        application/json: {}
examplesVersion: 1.0.0
generatedTests: {}
